
Microsoft Visual Studio Solution File, Format Version 12.00
# Visual Studio Version 16
VisualStudioVersion = 16.0.29519.181
MinimumVisualStudioVersion = 10.0.40219.1
Project("{9A19103F-16F7-4668-BE54-9A1E7A4F7556}") = "directprint2", "directprint2.csproj", "{57D7FEF8-0C81-432C-9FD4-29016D693486}"
EndProject
Global
	GlobalSection(SolutionConfigurationPlatforms) = preSolution
		Debug|Any CPU = Debug|Any CPU
		Release|Any CPU = Release|Any CPU
	EndGlobalSection
	GlobalSection(ProjectConfigurationPlatforms) = postSolution
		{57D7FEF8-0C81-432C-9FD4-29016D693486}.Debug|Any CPU.ActiveCfg = Debug|Any CPU
		{57D7FEF8-0C81-432C-9FD4-29016D693486}.Debug|Any CPU.Build.0 = Debug|Any CPU
		{57D7FEF8-0C81-432C-9FD4-29016D693486}.Release|Any CPU.ActiveCfg = Release|Any CPU
		{57D7FEF8-0C81-432C-9FD4-29016D693486}.Release|Any CPU.Build.0 = Release|Any CPU
	EndGlobalSection
	GlobalSection(SolutionProperties) = preSolution
		HideSolutionNode = FALSE
	EndGlobalSection
	GlobalSection(ExtensibilityGlobals) = postSolution
		SolutionGuid = {C0F7FDDF-415D-4429-BEA4-681F9D9D545B}
	EndGlobalSection
EndGlobal
